// !$*UTF8*$!
{
	archiveVersion = 1;
	classes = {
	};
	objectVersion = 51;
	objects = {

/* Begin PBXBuildFile section */
		02578AEF26DC14C900994CB7 /* AppDelegate.swift in Sources */ = {isa = PBXBuildFile; fileRef = 02578AEE26DC14C900994CB7 /* AppDelegate.swift */; };
		02578AF126DC14C900994CB7 /* SceneDelegate.swift in Sources */ = {isa = PBXBuildFile; fileRef = 02578AF026DC14C900994CB7 /* SceneDelegate.swift */; };
		02578AF326DC14C900994CB7 /* ViewController.swift in Sources */ = {isa = PBXBuildFile; fileRef = 02578AF226DC14C900994CB7 /* ViewController.swift */; };
		02578AF626DC14C900994CB7 /* Main.storyboard in Resources */ = {isa = PBXBuildFile; fileRef = 02578AF426DC14C900994CB7 /* Main.storyboard */; };
		02578AF826DC14CB00994CB7 /* Assets.xcassets in Resources */ = {isa = PBXBuildFile; fileRef = 02578AF726DC14CB00994CB7 /* Assets.xcassets */; };
		02578AFB26DC14CB00994CB7 /* LaunchScreen.storyboard in Resources */ = {isa = PBXBuildFile; fileRef = 02578AF926DC14CB00994CB7 /* LaunchScreen.storyboard */; };
		864F268EAB8E417A4F91E2D1 /* Pods_SaveTheFoodIOS.framework in Frameworks */ = {isa = PBXBuildFile; fileRef = B15262B65246DEEE1BF28252 /* Pods_SaveTheFoodIOS.framework */; };
/* End PBXBuildFile section */

/* Begin PBXFileReference section */
		02578AEB26DC14C900994CB7 /* SaveTheFoodIOS.app */ = {isa = PBXFileReference; explicitFileType = wrapper.application; includeInIndex = 0; path = SaveTheFoodIOS.app; sourceTree = BUILT_PRODUCTS_DIR; };
		02578AEE26DC14C900994CB7 /* AppDelegate.swift */ = {isa = PBXFileReference; lastKnownFileType = sourcecode.swift; path = AppDelegate.swift; sourceTree = "<group>"; };
		02578AF026DC14C900994CB7 /* SceneDelegate.swift */ = {isa = PBXFileReference; lastKnownFileType = sourcecode.swift; path = SceneDelegate.swift; sourceTree = "<group>"; };
		02578AF226DC14C900994CB7 /* ViewController.swift */ = {isa = PBXFileReference; lastKnownFileType = sourcecode.swift; path = ViewController.swift; sourceTree = "<group>"; };
		02578AF526DC14C900994CB7 /* Base */ = {isa = PBXFileReference; lastKnownFileType = file.storyboard; name = Base; path = Base.lproj/Main.storyboard; sourceTree = "<group>"; };
		02578AF726DC14CB00994CB7 /* Assets.xcassets */ = {isa = PBXFileReference; lastKnownFileType = folder.assetcatalog; path = Assets.xcassets; sourceTree = "<group>"; };
		02578AFA26DC14CB00994CB7 /* Base */ = {isa = PBXFileReference; lastKnownFileType = file.storyboard; name = Base; path = Base.lproj/LaunchScreen.storyboard; sourceTree = "<group>"; };
		02578AFC26DC14CB00994CB7 /* Info.plist */ = {isa = PBXFileReference; lastKnownFileType = text.plist.xml; path = Info.plist; sourceTree = "<group>"; };
		4CCF40DA500A13875EED5215 /* Pods-SaveTheFoodIOS.release.xcconfig */ = {isa = PBXFileReference; includeInIndex = 1; lastKnownFileType = text.xcconfig; name = "Pods-SaveTheFoodIOS.release.xcconfig"; path = "Target Support Files/Pods-SaveTheFoodIOS/Pods-SaveTheFoodIOS.release.xcconfig"; sourceTree = "<group>"; };
		B15262B65246DEEE1BF28252 /* Pods_SaveTheFoodIOS.framework */ = {isa = PBXFileReference; explicitFileType = wrapper.framework; includeInIndex = 0; path = Pods_SaveTheFoodIOS.framework; sourceTree = BUILT_PRODUCTS_DIR; };
		DC451788C89BF4703DDB7B5A /* Pods-SaveTheFoodIOS.debug.xcconfig */ = {isa = PBXFileReference; includeInIndex = 1; lastKnownFileType = text.xcconfig; name = "Pods-SaveTheFoodIOS.debug.xcconfig"; path = "Target Support Files/Pods-SaveTheFoodIOS/Pods-SaveTheFoodIOS.debug.xcconfig"; sourceTree = "<group>"; };
/* End PBXFileReference section */

/* Begin PBXFrameworksBuildPhase section */
		02578AE826DC14C900994CB7 /* Frameworks */ = {
			isa = PBXFrameworksBuildPhase;
			buildActionMask = 2147483647;
			files = (
				864F268EAB8E417A4F91E2D1 /* Pods_SaveTheFoodIOS.framework in Frameworks */,
			);
			runOnlyForDeploymentPostprocessing = 0;
		};
/* End PBXFrameworksBuildPhase section */

/* Begin PBXGroup section */
		02578AE226DC14C900994CB7 = {
			isa = PBXGroup;
			children = (
				02578AED26DC14C900994CB7 /* SaveTheFoodIOS */,
				02578AEC26DC14C900994CB7 /* Products */,
				641E4FD95CB2F56A377B745F /* Pods */,
				982FDA782E93B301A87EB1F1 /* Frameworks */,
			);
			sourceTree = "<group>";
		};
		02578AEC26DC14C900994CB7 /* Products */ = {
			isa = PBXGroup;
			children = (
				02578AEB26DC14C900994CB7 /* SaveTheFoodIOS.app */,
			);
			name = Products;
			sourceTree = "<group>";
		};
		02578AED26DC14C900994CB7 /* SaveTheFoodIOS */ = {
			isa = PBXGroup;
			children = (
				02578B0426DC313000994CB7 /* View */,
				02578AEE26DC14C900994CB7 /* AppDelegate.swift */,
				02578AF026DC14C900994CB7 /* SceneDelegate.swift */,
				02578AF226DC14C900994CB7 /* ViewController.swift */,
				02578AF726DC14CB00994CB7 /* Assets.xcassets */,
				02578AF926DC14CB00994CB7 /* LaunchScreen.storyboard */,
				02578AFC26DC14CB00994CB7 /* Info.plist */,
			);
			path = SaveTheFoodIOS;
			sourceTree = "<group>";
		};
		02578B0426DC313000994CB7 /* View */ = {
			isa = PBXGroup;
			children = (
				02578AF426DC14C900994CB7 /* Main.storyboard */,
			);
			path = View;
			sourceTree = "<group>";
		};
		641E4FD95CB2F56A377B745F /* Pods */ = {
			isa = PBXGroup;
			children = (
				DC451788C89BF4703DDB7B5A /* Pods-SaveTheFoodIOS.debug.xcconfig */,
				4CCF40DA500A13875EED5215 /* Pods-SaveTheFoodIOS.release.xcconfig */,
			);
			path = Pods;
			sourceTree = "<group>";
		};
		982FDA782E93B301A87EB1F1 /* Frameworks */ = {
			isa = PBXGroup;
			children = (
				B15262B65246DEEE1BF28252 /* Pods_SaveTheFoodIOS.framework */,
			);
			name = Frameworks;
			sourceTree = "<group>";
		};
/* End PBXGroup section */

/* Begin PBXNativeTarget section */
		02578AEA26DC14C900994CB7 /* SaveTheFoodIOS */ = {
			isa = PBXNativeTarget;
			buildConfigurationList = 02578AFF26DC14CB00994CB7 /* Build configuration list for PBXNativeTarget "SaveTheFoodIOS" */;
			buildPhases = (
				45C7CE45AC6C9E9B7ED184E4 /* [CP] Check Pods Manifest.lock */,
				02578B0226DC19AE00994CB7 /* ShellScript */,
				02578AE726DC14C900994CB7 /* Sources */,
				02578AE826DC14C900994CB7 /* Frameworks */,
				02578AE926DC14C900994CB7 /* Resources */,
			);
			buildRules = (
			);
			dependencies = (
			);
			name = SaveTheFoodIOS;
			productName = SaveTheFoodIOS;
			productReference = 02578AEB26DC14C900994CB7 /* SaveTheFoodIOS.app */;
			productType = "com.apple.product-type.application";
		};
/* End PBXNativeTarget section */

/* Begin PBXProject section */
		02578AE326DC14C900994CB7 /* Project object */ = {
			isa = PBXProject;
			attributes = {
				LastSwiftUpdateCheck = 1250;
				LastUpgradeCheck = 1250;
				TargetAttributes = {
					02578AEA26DC14C900994CB7 = {
						CreatedOnToolsVersion = 12.5.1;
					};
				};
			};
			buildConfigurationList = 02578AE626DC14C900994CB7 /* Build configuration list for PBXProject "SaveTheFoodIOS" */;
			compatibilityVersion = "Xcode 9.3";
			developmentRegion = en;
			hasScannedForEncodings = 0;
			knownRegions = (
				en,
				Base,
			);
			mainGroup = 02578AE226DC14C900994CB7;
			productRefGroup = 02578AEC26DC14C900994CB7 /* Products */;
			projectDirPath = "";
			projectRoot = "";
			targets = (
				02578AEA26DC14C900994CB7 /* SaveTheFoodIOS */,
			);
		};
/* End PBXProject section */

/* Begin PBXResourcesBuildPhase section */
		02578AE926DC14C900994CB7 /* Resources */ = {
			isa = PBXResourcesBuildPhase;
			buildActionMask = 2147483647;
			files = (
				02578AFB26DC14CB00994CB7 /* LaunchScreen.storyboard in Resources */,
				02578AF826DC14CB00994CB7 /* Assets.xcassets in Resources */,
				02578AF626DC14C900994CB7 /* Main.storyboard in Resources */,
			);
			runOnlyForDeploymentPostprocessing = 0;
		};
/* End PBXResourcesBuildPhase section */

/* Begin PBXShellScriptBuildPhase section */
		02578B0226DC19AE00994CB7 /* ShellScript */ = {
			isa = PBXShellScriptBuildPhase;
			buildActionMask = 2147483647;
			files = (
			);
			inputFileListPaths = (
			);
			inputPaths = (
			);
			outputFileListPaths = (
			);
			outputPaths = (
			);
			runOnlyForDeploymentPostprocessing = 0;
			shellPath = /bin/sh;
			shellScript = "# Type a script or drag a script file from your workspace to insert its path.\ncd \"$SRCROOT/..\"\n./gradlew :shared:embedAndSignAppleFrameworkForXcode\n";
		};
		45C7CE45AC6C9E9B7ED184E4 /* [CP] Check Pods Manifest.lock */ = {
			isa = PBXShellScriptBuildPhase;
			buildActionMask = 2147483647;
			files = (
			);
			inputFileListPaths = (
			);
			inputPaths = (
				"${PODS_PODFILE_DIR_PATH}/Podfile.lock",
				"${PODS_ROOT}/Manifest.lock",
			);
			name = "[CP] Check Pods Manifest.lock";
			outputFileListPaths = (
			);
			outputPaths = (
				"$(DERIVED_FILE_DIR)/Pods-SaveTheFoodIOS-checkManifestLockResult.txt",
			);
			runOnlyForDeploymentPostprocessing = 0;
			shellPath = /bin/sh;
			shellScript = "diff \"${PODS_PODFILE_DIR_PATH}/Podfile.lock\" \"${PODS_ROOT}/Manifest.lock\" > /dev/null\nif [ $? != 0 ] ; then\n    # print error to STDERR\n    echo \"error: The sandbox is not in sync with the Podfile.lock. Run 'pod install' or update your CocoaPods installation.\" >&2\n    exit 1\nfi\n# This output is used by Xcode 'outputs' to avoid re-running this script phase.\necho \"SUCCESS\" > \"${SCRIPT_OUTPUT_FILE_0}\"\n";
			showEnvVarsInLog = 0;
		};
/* End PBXShellScriptBuildPhase section */

/* Begin PBXSourcesBuildPhase section */
		02578AE726DC14C900994CB7 /* Sources */ = {
			isa = PBXSourcesBuildPhase;
			buildActionMask = 2147483647;
			files = (
				02578AF326DC14C900994CB7 /* ViewController.swift in Sources */,
				02578AEF26DC14C900994CB7 /* AppDelegate.swift in Sources */,
				02578AF126DC14C900994CB7 /* SceneDelegate.swift in Sources */,
			);
			runOnlyForDeploymentPostprocessing = 0;
		};
/* End PBXSourcesBuildPhase section */

/* Begin PBXVariantGroup section */
		02578AF426DC14C900994CB7 /* Main.storyboard */ = {
			isa = PBXVariantGroup;
			children = (
				02578AF526DC14C900994CB7 /* Base */,
			);
			name = Main.storyboard;
			sourceTree = "<group>";
		};
		02578AF926DC14CB00994CB7 /* LaunchScreen.storyboard */ = {
			isa = PBXVariantGroup;
			children = (
				02578AFA26DC14CB00994CB7 /* Base */,
			);
			name = LaunchScreen.storyboard;
			sourceTree = "<group>";
		};
/* End PBXVariantGroup section */

/* Begin XCBuildConfiguration section */
		02578AFD26DC14CB00994CB7 /* Debug */ = {
			isa = XCBuildConfiguration;
			buildSettings = {
				ALWAYS_SEARCH_USER_PATHS = NO;
				CLANG_ANALYZER_NONNULL = YES;
				CLANG_ANALYZER_NUMBER_OBJECT_CONVERSION = YES_AGGRESSIVE;
				CLANG_CXX_LANGUAGE_STANDARD = "gnu++14";
				CLANG_CXX_LIBRARY = "libc++";
				CLANG_ENABLE_MODULES = YES;
				CLANG_ENABLE_OBJC_ARC = YES;
				CLANG_ENABLE_OBJC_WEAK = YES;
				CLANG_WARN_BLOCK_CAPTURE_AUTORELEASING = YES;
				CLANG_WARN_BOOL_CONVERSION = YES;
				CLANG_WARN_COMMA = YES;
				CLANG_WARN_CONSTANT_CONVERSION = YES;
				CLANG_WARN_DEPRECATED_OBJC_IMPLEMENTATIONS = YES;
				CLANG_WARN_DIRECT_OBJC_ISA_USAGE = YES_ERROR;
				CLANG_WARN_DOCUMENTATION_COMMENTS = YES;
				CLANG_WARN_EMPTY_BODY = YES;
				CLANG_WARN_ENUM_CONVERSION = YES;
				CLANG_WARN_INFINITE_RECURSION = YES;
				CLANG_WARN_INT_CONVERSION = YES;
				CLANG_WARN_NON_LITERAL_NULL_CONVERSION = YES;
				CLANG_WARN_OBJC_IMPLICIT_RETAIN_SELF = YES;
				CLANG_WARN_OBJC_LITERAL_CONVERSION = YES;
				CLANG_WARN_OBJC_ROOT_CLASS = YES_ERROR;
				CLANG_WARN_QUOTED_INCLUDE_IN_FRAMEWORK_HEADER = YES;
				CLANG_WARN_RANGE_LOOP_ANALYSIS = YES;
				CLANG_WARN_STRICT_PROTOTYPES = YES;
				CLANG_WARN_SUSPICIOUS_MOVE = YES;
				CLANG_WARN_UNGUARDED_AVAILABILITY = YES_AGGRESSIVE;
				CLANG_WARN_UNREACHABLE_CODE = YES;
				CLANG_WARN__DUPLICATE_METHOD_MATCH = YES;
				COPY_PHASE_STRIP = NO;
				DEBUG_INFORMATION_FORMAT = dwarf;
				ENABLE_STRICT_OBJC_MSGSEND = YES;
				ENABLE_TESTABILITY = YES;
				GCC_C_LANGUAGE_STANDARD = gnu11;
				GCC_DYNAMIC_NO_PIC = NO;
				GCC_NO_COMMON_BLOCKS = YES;
				GCC_OPTIMIZATION_LEVEL = 0;
				GCC_PREPROCESSOR_DEFINITIONS = (
					"DEBUG=1",
					"$(inherited)",
				);
				GCC_WARN_64_TO_32_BIT_CONVERSION = YES;
				GCC_WARN_ABOUT_RETURN_TYPE = YES_ERROR;
				GCC_WARN_UNDECLARED_SELECTOR = YES;
				GCC_WARN_UNINITIALIZED_AUTOS = YES_AGGRESSIVE;
				GCC_WARN_UNUSED_FUNCTION = YES;
				GCC_WARN_UNUSED_VARIABLE = YES;
				IPHONEOS_DEPLOYMENT_TARGET = 14.5;
				MTL_ENABLE_DEBUG_INFO = INCLUDE_SOURCE;
				MTL_FAST_MATH = YES;
				ONLY_ACTIVE_ARCH = YES;
				SDKROOT = iphoneos;
				SWIFT_ACTIVE_COMPILATION_CONDITIONS = DEBUG;
				SWIFT_OPTIMIZATION_LEVEL = "-Onone";
			};
			name = Debug;
		};
		02578AFE26DC14CB00994CB7 /* Release */ = {
			isa = XCBuildConfiguration;
			buildSettings = {
				ALWAYS_SEARCH_USER_PATHS = NO;
				CLANG_ANALYZER_NONNULL = YES;
				CLANG_ANALYZER_NUMBER_OBJECT_CONVERSION = YES_AGGRESSIVE;
				CLANG_CXX_LANGUAGE_STANDARD = "gnu++14";
				CLANG_CXX_LIBRARY = "libc++";
				CLANG_ENABLE_MODULES = YES;
				CLANG_ENABLE_OBJC_ARC = YES;
				CLANG_ENABLE_OBJC_WEAK = YES;
				CLANG_WARN_BLOCK_CAPTURE_AUTORELEASING = YES;
				CLANG_WARN_BOOL_CONVERSION = YES;
				CLANG_WARN_COMMA = YES;
				CLANG_WARN_CONSTANT_CONVERSION = YES;
				CLANG_WARN_DEPRECATED_OBJC_IMPLEMENTATIONS = YES;
				CLANG_WARN_DIRECT_OBJC_ISA_USAGE = YES_ERROR;
				CLANG_WARN_DOCUMENTATION_COMMENTS = YES;
				CLANG_WARN_EMPTY_BODY = YES;
				CLANG_WARN_ENUM_CONVERSION = YES;
				CLANG_WARN_INFINITE_RECURSION = YES;
				CLANG_WARN_INT_CONVERSION = YES;
				CLANG_WARN_NON_LITERAL_NULL_CONVERSION = YES;
				CLANG_WARN_OBJC_IMPLICIT_RETAIN_SELF = YES;
				CLANG_WARN_OBJC_LITERAL_CONVERSION = YES;
				CLANG_WARN_OBJC_ROOT_CLASS = YES_ERROR;
				CLANG_WARN_QUOTED_INCLUDE_IN_FRAMEWORK_HEADER = YES;
				CLANG_WARN_RANGE_LOOP_ANALYSIS = YES;
				CLANG_WARN_STRICT_PROTOTYPES = YES;
				CLANG_WARN_SUSPICIOUS_MOVE = YES;
				CLANG_WARN_UNGUARDED_AVAILABILITY = YES_AGGRESSIVE;
				CLANG_WARN_UNREACHABLE_CODE = YES;
				CLANG_WARN__DUPLICATE_METHOD_MATCH = YES;
				COPY_PHASE_STRIP = NO;
				DEBUG_INFORMATION_FORMAT = "dwarf-with-dsym";
				ENABLE_NS_ASSERTIONS = NO;
				ENABLE_STRICT_OBJC_MSGSEND = YES;
				GCC_C_LANGUAGE_STANDARD = gnu11;
				GCC_NO_COMMON_BLOCKS = YES;
				GCC_WARN_64_TO_32_BIT_CONVERSION = YES;
				GCC_WARN_ABOUT_RETURN_TYPE = YES_ERROR;
				GCC_WARN_UNDECLARED_SELECTOR = YES;
				GCC_WARN_UNINITIALIZED_AUTOS = YES_AGGRESSIVE;
				GCC_WARN_UNUSED_FUNCTION = YES;
				GCC_WARN_UNUSED_VARIABLE = YES;
				IPHONEOS_DEPLOYMENT_TARGET = 14.5;
				MTL_ENABLE_DEBUG_INFO = NO;
				MTL_FAST_MATH = YES;
				SDKROOT = iphoneos;
				SWIFT_COMPILATION_MODE = wholemodule;
				SWIFT_OPTIMIZATION_LEVEL = "-O";
				VALIDATE_PRODUCT = YES;
			};
			name = Release;
		};
		02578B0026DC14CB00994CB7 /* Debug */ = {
			isa = XCBuildConfiguration;
			baseConfigurationReference = DC451788C89BF4703DDB7B5A /* Pods-SaveTheFoodIOS.debug.xcconfig */;
			buildSettings = {
				ASSETCATALOG_COMPILER_APPICON_NAME = AppIcon;
				ASSETCATALOG_COMPILER_GLOBAL_ACCENT_COLOR_NAME = AccentColor;
				CODE_SIGN_STYLE = Automatic;
				DEVELOPMENT_TEAM = SHFRBYH985;
				FRAMEWORK_SEARCH_PATHS = "$(SRCROOT)/../shared/build/xcode-frameworks/$(CONFIGURATION)/$(SDK_NAME)";
				INFOPLIST_FILE = SaveTheFoodIOS/Info.plist;
				LD_RUNPATH_SEARCH_PATHS = (
					"$(inherited)",
					"@executable_path/Frameworks",
				);
				OTHER_LDFLAGS = (
					"$(inherited)",
					"-framework",
					shared,
				);
				PRODUCT_BUNDLE_IDENTIFIER = andrea.SaveTheFoodIOS;
				PRODUCT_NAME = "$(TARGET_NAME)";
				SWIFT_VERSION = 5.0;
				TARGETED_DEVICE_FAMILY = "1,2";
			};
			name = Debug;
		};
		02578B0126DC14CB00994CB7 /* Release */ = {
			isa = XCBuildConfiguration;
			baseConfigurationReference = 4CCF40DA500A13875EED5215 /* Pods-SaveTheFoodIOS.release.xcconfig */;
			buildSettings = {
				ASSETCATALOG_COMPILER_APPICON_NAME = AppIcon;
				ASSETCATALOG_COMPILER_GLOBAL_ACCENT_COLOR_NAME = AccentColor;
				CODE_SIGN_STYLE = Automatic;
				DEVELOPMENT_TEAM = SHFRBYH985;
				FRAMEWORK_SEARCH_PATHS = "$(SRCROOT)/../shared/build/xcode-frameworks/$(CONFIGURATION)/$(SDK_NAME)";
				INFOPLIST_FILE = SaveTheFoodIOS/Info.plist;
				LD_RUNPATH_SEARCH_PATHS = (
					"$(inherited)",
					"@executable_path/Frameworks",
				);
				OTHER_LDFLAGS = (
					"$(inherited)",
					"-framework",
					shared,
				);
				PRODUCT_BUNDLE_IDENTIFIER = andrea.SaveTheFoodIOS;
				PRODUCT_NAME = "$(TARGET_NAME)";
				SWIFT_VERSION = 5.0;
				TARGETED_DEVICE_FAMILY = "1,2";
			};
			name = Release;
		};
/* End XCBuildConfiguration section */

/* Begin XCConfigurationList section */
		02578AE626DC14C900994CB7 /* Build configuration list for PBXProject "SaveTheFoodIOS" */ = {
			isa = XCConfigurationList;
			buildConfigurations = (
				02578AFD26DC14CB00994CB7 /* Debug */,
				02578AFE26DC14CB00994CB7 /* Release */,
			);
			defaultConfigurationIsVisible = 0;
			defaultConfigurationName = Release;
		};
		02578AFF26DC14CB00994CB7 /* Build configuration list for PBXNativeTarget "SaveTheFoodIOS" */ = {
			isa = XCConfigurationList;
			buildConfigurations = (
				02578B0026DC14CB00994CB7 /* Debug */,
				02578B0126DC14CB00994CB7 /* Release */,
			);
			defaultConfigurationIsVisible = 0;
			defaultConfigurationName = Release;
		};
/* End XCConfigurationList section */
	};
	rootObject = 02578AE326DC14C900994CB7 /* Project object */;
}
